
Microsoft Visual Studio Solution File, Format Version 12.00
# Visual Studio Version 17
VisualStudioVersion = 17.4.33103.184
MinimumVisualStudioVersion = 10.0.40219.1
Project("{9A19103F-16F7-4668-BE54-9A1E7A4F7556}") = "window_disaster_noti", "window_disaster_noti\window_disaster_noti.csproj", "{1C18BBC5-3DB0-4974-B0F3-5B52675B721E}"
EndProject
Project("{C7167F0D-BC9F-4E6E-AFE1-012C56B48DB5}") = "WDN_installer", "WDN_installer\WDN_installer.wapproj", "{B11A37AE-CE1C-439F-9534-D438596C7133}"
EndProject
Global
	GlobalSection(SolutionConfigurationPlatforms) = preSolution
		Debug|Any CPU = Debug|Any CPU
		Debug|ARM = Debug|ARM
		Debug|ARM64 = Debug|ARM64
		Debug|x64 = Debug|x64
		Debug|x86 = Debug|x86
		Release|Any CPU = Release|Any CPU
		Release|ARM = Release|ARM
		Release|ARM64 = Release|ARM64
		Release|x64 = Release|x64
		Release|x86 = Release|x86
	EndGlobalSection
	GlobalSection(ProjectConfigurationPlatforms) = postSolution
		{1C18BBC5-3DB0-4974-B0F3-5B52675B721E}.Debug|Any CPU.ActiveCfg = Debug|Any CPU
		{1C18BBC5-3DB0-4974-B0F3-5B52675B721E}.Debug|Any CPU.Build.0 = Debug|Any CPU
		{1C18BBC5-3DB0-4974-B0F3-5B52675B721E}.Debug|ARM.ActiveCfg = Debug|Any CPU
		{1C18BBC5-3DB0-4974-B0F3-5B52675B721E}.Debug|ARM.Build.0 = Debug|Any CPU
		{1C18BBC5-3DB0-4974-B0F3-5B52675B721E}.Debug|ARM64.ActiveCfg = Debug|Any CPU
		{1C18BBC5-3DB0-4974-B0F3-5B52675B721E}.Debug|ARM64.Build.0 = Debug|Any CPU
		{1C18BBC5-3DB0-4974-B0F3-5B52675B721E}.Debug|x64.ActiveCfg = Debug|Any CPU
		{1C18BBC5-3DB0-4974-B0F3-5B52675B721E}.Debug|x64.Build.0 = Debug|Any CPU
		{1C18BBC5-3DB0-4974-B0F3-5B52675B721E}.Debug|x86.ActiveCfg = Debug|Any CPU
		{1C18BBC5-3DB0-4974-B0F3-5B52675B721E}.Debug|x86.Build.0 = Debug|Any CPU
		{1C18BBC5-3DB0-4974-B0F3-5B52675B721E}.Release|Any CPU.ActiveCfg = Release|Any CPU
		{1C18BBC5-3DB0-4974-B0F3-5B52675B721E}.Release|Any CPU.Build.0 = Release|Any CPU
		{1C18BBC5-3DB0-4974-B0F3-5B52675B721E}.Release|ARM.ActiveCfg = Release|Any CPU
		{1C18BBC5-3DB0-4974-B0F3-5B52675B721E}.Release|ARM.Build.0 = Release|Any CPU
		{1C18BBC5-3DB0-4974-B0F3-5B52675B721E}.Release|ARM64.ActiveCfg = Release|Any CPU
		{1C18BBC5-3DB0-4974-B0F3-5B52675B721E}.Release|ARM64.Build.0 = Release|Any CPU
		{1C18BBC5-3DB0-4974-B0F3-5B52675B721E}.Release|x64.ActiveCfg = Release|Any CPU
		{1C18BBC5-3DB0-4974-B0F3-5B52675B721E}.Release|x64.Build.0 = Release|Any CPU
		{1C18BBC5-3DB0-4974-B0F3-5B52675B721E}.Release|x86.ActiveCfg = Release|Any CPU
		{1C18BBC5-3DB0-4974-B0F3-5B52675B721E}.Release|x86.Build.0 = Release|Any CPU
		{B11A37AE-CE1C-439F-9534-D438596C7133}.Debug|Any CPU.ActiveCfg = Debug|Any CPU
		{B11A37AE-CE1C-439F-9534-D438596C7133}.Debug|Any CPU.Build.0 = Debug|Any CPU
		{B11A37AE-CE1C-439F-9534-D438596C7133}.Debug|Any CPU.Deploy.0 = Debug|Any CPU
		{B11A37AE-CE1C-439F-9534-D438596C7133}.Debug|ARM.ActiveCfg = Debug|ARM
		{B11A37AE-CE1C-439F-9534-D438596C7133}.Debug|ARM.Build.0 = Debug|ARM
		{B11A37AE-CE1C-439F-9534-D438596C7133}.Debug|ARM.Deploy.0 = Debug|ARM
		{B11A37AE-CE1C-439F-9534-D438596C7133}.Debug|ARM64.ActiveCfg = Debug|ARM64
		{B11A37AE-CE1C-439F-9534-D438596C7133}.Debug|ARM64.Build.0 = Debug|ARM64
		{B11A37AE-CE1C-439F-9534-D438596C7133}.Debug|ARM64.Deploy.0 = Debug|ARM64
		{B11A37AE-CE1C-439F-9534-D438596C7133}.Debug|x64.ActiveCfg = Debug|x64
		{B11A37AE-CE1C-439F-9534-D438596C7133}.Debug|x64.Build.0 = Debug|x64
		{B11A37AE-CE1C-439F-9534-D438596C7133}.Debug|x64.Deploy.0 = Debug|x64
		{B11A37AE-CE1C-439F-9534-D438596C7133}.Debug|x86.ActiveCfg = Debug|x86
		{B11A37AE-CE1C-439F-9534-D438596C7133}.Debug|x86.Build.0 = Debug|x86
		{B11A37AE-CE1C-439F-9534-D438596C7133}.Debug|x86.Deploy.0 = Debug|x86
		{B11A37AE-CE1C-439F-9534-D438596C7133}.Release|Any CPU.ActiveCfg = Release|Any CPU
		{B11A37AE-CE1C-439F-9534-D438596C7133}.Release|Any CPU.Build.0 = Release|Any CPU
		{B11A37AE-CE1C-439F-9534-D438596C7133}.Release|Any CPU.Deploy.0 = Release|Any CPU
		{B11A37AE-CE1C-439F-9534-D438596C7133}.Release|ARM.ActiveCfg = Release|ARM
		{B11A37AE-CE1C-439F-9534-D438596C7133}.Release|ARM.Build.0 = Release|ARM
		{B11A37AE-CE1C-439F-9534-D438596C7133}.Release|ARM.Deploy.0 = Release|ARM
		{B11A37AE-CE1C-439F-9534-D438596C7133}.Release|ARM64.ActiveCfg = Release|ARM64
		{B11A37AE-CE1C-439F-9534-D438596C7133}.Release|ARM64.Build.0 = Release|ARM64
		{B11A37AE-CE1C-439F-9534-D438596C7133}.Release|ARM64.Deploy.0 = Release|ARM64
		{B11A37AE-CE1C-439F-9534-D438596C7133}.Release|x64.ActiveCfg = Release|x64
		{B11A37AE-CE1C-439F-9534-D438596C7133}.Release|x64.Build.0 = Release|x64
		{B11A37AE-CE1C-439F-9534-D438596C7133}.Release|x64.Deploy.0 = Release|x64
		{B11A37AE-CE1C-439F-9534-D438596C7133}.Release|x86.ActiveCfg = Release|x86
		{B11A37AE-CE1C-439F-9534-D438596C7133}.Release|x86.Build.0 = Release|x86
		{B11A37AE-CE1C-439F-9534-D438596C7133}.Release|x86.Deploy.0 = Release|x86
	EndGlobalSection
	GlobalSection(SolutionProperties) = preSolution
		HideSolutionNode = FALSE
	EndGlobalSection
	GlobalSection(ExtensibilityGlobals) = postSolution
		SolutionGuid = {64066F60-25F5-4974-96C5-1C056708C34D}
	EndGlobalSection
EndGlobal
